
Microsoft Visual Studio Solution File, Format Version 12.00
# Visual Studio Version 17
VisualStudioVersion = 17.3.32929.385
MinimumVisualStudioVersion = 10.0.40219.1
Project("{9A19103F-16F7-4668-BE54-9A1E7A4F7556}") = "MiniShop.Web", "MiniShop.Web\MiniShop.Web.csproj", "{C1F57485-CF82-423A-81D0-13849C5E89D5}"
EndProject
Project("{9A19103F-16F7-4668-BE54-9A1E7A4F7556}") = "MiniShop.Entity", "MiniShop.Entity\MiniShop.Entity.csproj", "{07C06363-EC9B-4B25-BBCA-649146C735FC}"
EndProject
Project("{9A19103F-16F7-4668-BE54-9A1E7A4F7556}") = "MiniShop.Data", "MiniShop.Data\MiniShop.Data.csproj", "{88359CD4-5EA8-439E-AA5E-8BA8FB6D6E7D}"
EndProject
Project("{9A19103F-16F7-4668-BE54-9A1E7A4F7556}") = "MiniShop.Business", "MiniShop.Business\MiniShop.Business.csproj", "{C53FE1AC-C1B2-4DFC-8CB7-C5BDE2486510}"
EndProject
Project("{FAE04EC0-301F-11D3-BF4B-00C04F79EFBC}") = "MiniShop.Core", "MiniShop.Core\MiniShop.Core.csproj", "{80896D99-B6CF-4E2C-9F76-B1D8D6E733C1}"
EndProject
Global
	GlobalSection(SolutionConfigurationPlatforms) = preSolution
		Debug|Any CPU = Debug|Any CPU
		Release|Any CPU = Release|Any CPU
	EndGlobalSection
	GlobalSection(ProjectConfigurationPlatforms) = postSolution
		{C1F57485-CF82-423A-81D0-13849C5E89D5}.Debug|Any CPU.ActiveCfg = Debug|Any CPU
		{C1F57485-CF82-423A-81D0-13849C5E89D5}.Debug|Any CPU.Build.0 = Debug|Any CPU
		{C1F57485-CF82-423A-81D0-13849C5E89D5}.Release|Any CPU.ActiveCfg = Release|Any CPU
		{C1F57485-CF82-423A-81D0-13849C5E89D5}.Release|Any CPU.Build.0 = Release|Any CPU
		{07C06363-EC9B-4B25-BBCA-649146C735FC}.Debug|Any CPU.ActiveCfg = Debug|Any CPU
		{07C06363-EC9B-4B25-BBCA-649146C735FC}.Debug|Any CPU.Build.0 = Debug|Any CPU
		{07C06363-EC9B-4B25-BBCA-649146C735FC}.Release|Any CPU.ActiveCfg = Release|Any CPU
		{07C06363-EC9B-4B25-BBCA-649146C735FC}.Release|Any CPU.Build.0 = Release|Any CPU
		{88359CD4-5EA8-439E-AA5E-8BA8FB6D6E7D}.Debug|Any CPU.ActiveCfg = Debug|Any CPU
		{88359CD4-5EA8-439E-AA5E-8BA8FB6D6E7D}.Debug|Any CPU.Build.0 = Debug|Any CPU
		{88359CD4-5EA8-439E-AA5E-8BA8FB6D6E7D}.Release|Any CPU.ActiveCfg = Release|Any CPU
		{88359CD4-5EA8-439E-AA5E-8BA8FB6D6E7D}.Release|Any CPU.Build.0 = Release|Any CPU
		{C53FE1AC-C1B2-4DFC-8CB7-C5BDE2486510}.Debug|Any CPU.ActiveCfg = Debug|Any CPU
		{C53FE1AC-C1B2-4DFC-8CB7-C5BDE2486510}.Debug|Any CPU.Build.0 = Debug|Any CPU
		{C53FE1AC-C1B2-4DFC-8CB7-C5BDE2486510}.Release|Any CPU.ActiveCfg = Release|Any CPU
		{C53FE1AC-C1B2-4DFC-8CB7-C5BDE2486510}.Release|Any CPU.Build.0 = Release|Any CPU
		{80896D99-B6CF-4E2C-9F76-B1D8D6E733C1}.Debug|Any CPU.ActiveCfg = Debug|Any CPU
		{80896D99-B6CF-4E2C-9F76-B1D8D6E733C1}.Debug|Any CPU.Build.0 = Debug|Any CPU
		{80896D99-B6CF-4E2C-9F76-B1D8D6E733C1}.Release|Any CPU.ActiveCfg = Release|Any CPU
		{80896D99-B6CF-4E2C-9F76-B1D8D6E733C1}.Release|Any CPU.Build.0 = Release|Any CPU
	EndGlobalSection
	GlobalSection(SolutionProperties) = preSolution
		HideSolutionNode = FALSE
	EndGlobalSection
	GlobalSection(ExtensibilityGlobals) = postSolution
		SolutionGuid = {9575CEB2-526F-4ED0-9ADC-0D2D720C9B8A}
	EndGlobalSection
EndGlobal
