
Microsoft Visual Studio Solution File, Format Version 12.00
# Visual Studio Version 17
VisualStudioVersion = 17.3.32929.385
MinimumVisualStudioVersion = 10.0.40219.1
Project("{9A19103F-16F7-4668-BE54-9A1E7A4F7556}") = "BusReservation.Web", "BusReservation.Web\BusReservation.Web.csproj", "{678B2633-8CB5-45A9-9BA5-10214359B779}"
EndProject
Project("{9A19103F-16F7-4668-BE54-9A1E7A4F7556}") = "BusReservation.Entity", "BusReservation.Entity\BusReservation.Entity.csproj", "{23E90EDD-A703-4CB4-9AA5-AA30488988E2}"
EndProject
Project("{9A19103F-16F7-4668-BE54-9A1E7A4F7556}") = "BusReservation.Data", "BusReservation.Data\BusReservation.Data.csproj", "{A5C79603-9F13-480D-A531-2F1FD5BC98E9}"
EndProject
Project("{FAE04EC0-301F-11D3-BF4B-00C04F79EFBC}") = "BusReservation.Business", "BusReservation.Business\BusReservation.Business.csproj", "{0DAB735B-4061-4F9C-9F67-57EC9A922322}"
EndProject
Project("{FAE04EC0-301F-11D3-BF4B-00C04F79EFBC}") = "BusReservation.Core", "BusReservation.Core\BusReservation.Core.csproj", "{F3192DDB-5C21-4835-872A-E70E20D04811}"
EndProject
Global
	GlobalSection(SolutionConfigurationPlatforms) = preSolution
		Debug|Any CPU = Debug|Any CPU
		Release|Any CPU = Release|Any CPU
	EndGlobalSection
	GlobalSection(ProjectConfigurationPlatforms) = postSolution
		{678B2633-8CB5-45A9-9BA5-10214359B779}.Debug|Any CPU.ActiveCfg = Debug|Any CPU
		{678B2633-8CB5-45A9-9BA5-10214359B779}.Debug|Any CPU.Build.0 = Debug|Any CPU
		{678B2633-8CB5-45A9-9BA5-10214359B779}.Release|Any CPU.ActiveCfg = Release|Any CPU
		{678B2633-8CB5-45A9-9BA5-10214359B779}.Release|Any CPU.Build.0 = Release|Any CPU
		{23E90EDD-A703-4CB4-9AA5-AA30488988E2}.Debug|Any CPU.ActiveCfg = Debug|Any CPU
		{23E90EDD-A703-4CB4-9AA5-AA30488988E2}.Debug|Any CPU.Build.0 = Debug|Any CPU
		{23E90EDD-A703-4CB4-9AA5-AA30488988E2}.Release|Any CPU.ActiveCfg = Release|Any CPU
		{23E90EDD-A703-4CB4-9AA5-AA30488988E2}.Release|Any CPU.Build.0 = Release|Any CPU
		{A5C79603-9F13-480D-A531-2F1FD5BC98E9}.Debug|Any CPU.ActiveCfg = Debug|Any CPU
		{A5C79603-9F13-480D-A531-2F1FD5BC98E9}.Debug|Any CPU.Build.0 = Debug|Any CPU
		{A5C79603-9F13-480D-A531-2F1FD5BC98E9}.Release|Any CPU.ActiveCfg = Release|Any CPU
		{A5C79603-9F13-480D-A531-2F1FD5BC98E9}.Release|Any CPU.Build.0 = Release|Any CPU
		{0DAB735B-4061-4F9C-9F67-57EC9A922322}.Debug|Any CPU.ActiveCfg = Debug|Any CPU
		{0DAB735B-4061-4F9C-9F67-57EC9A922322}.Debug|Any CPU.Build.0 = Debug|Any CPU
		{0DAB735B-4061-4F9C-9F67-57EC9A922322}.Release|Any CPU.ActiveCfg = Release|Any CPU
		{0DAB735B-4061-4F9C-9F67-57EC9A922322}.Release|Any CPU.Build.0 = Release|Any CPU
		{F3192DDB-5C21-4835-872A-E70E20D04811}.Debug|Any CPU.ActiveCfg = Debug|Any CPU
		{F3192DDB-5C21-4835-872A-E70E20D04811}.Debug|Any CPU.Build.0 = Debug|Any CPU
		{F3192DDB-5C21-4835-872A-E70E20D04811}.Release|Any CPU.ActiveCfg = Release|Any CPU
		{F3192DDB-5C21-4835-872A-E70E20D04811}.Release|Any CPU.Build.0 = Release|Any CPU
	EndGlobalSection
	GlobalSection(SolutionProperties) = preSolution
		HideSolutionNode = FALSE
	EndGlobalSection
	GlobalSection(ExtensibilityGlobals) = postSolution
		SolutionGuid = {21E39C25-E544-4766-A343-37BC2AF9C5E4}
	EndGlobalSection
EndGlobal
